
Microsoft Visual Studio Solution File, Format Version 12.00
# Visual Studio Version 17
VisualStudioVersion = 17.7.34031.279
MinimumVisualStudioVersion = 10.0.40219.1
Project("{FAE04EC0-301F-11D3-BF4B-00C04F79EFBC}") = "что-то страшное", "что-то страшное\что-то страшное.csproj", "{AD90DBC2-8C46-4BEB-9711-DF089A276A6E}"
EndProject
Global
	GlobalSection(SolutionConfigurationPlatforms) = preSolution
		Debug|Any CPU = Debug|Any CPU
		Release|Any CPU = Release|Any CPU
	EndGlobalSection
	GlobalSection(ProjectConfigurationPlatforms) = postSolution
		{AD90DBC2-8C46-4BEB-9711-DF089A276A6E}.Debug|Any CPU.ActiveCfg = Debug|Any CPU
		{AD90DBC2-8C46-4BEB-9711-DF089A276A6E}.Debug|Any CPU.Build.0 = Debug|Any CPU
		{AD90DBC2-8C46-4BEB-9711-DF089A276A6E}.Release|Any CPU.ActiveCfg = Release|Any CPU
		{AD90DBC2-8C46-4BEB-9711-DF089A276A6E}.Release|Any CPU.Build.0 = Release|Any CPU
	EndGlobalSection
	GlobalSection(SolutionProperties) = preSolution
		HideSolutionNode = FALSE
	EndGlobalSection
	GlobalSection(ExtensibilityGlobals) = postSolution
		SolutionGuid = {58BCE5C5-8811-4299-BAB9-3900525B61FD}
	EndGlobalSection
EndGlobal
